
Microsoft Visual Studio Solution File, Format Version 12.00
# Visual Studio 15
VisualStudioVersion = 15.0.28307.489
MinimumVisualStudioVersion = 10.0.40219.1
Project("{FAE04EC0-301F-11D3-BF4B-00C04F79EFBC}") = "15.04.2019_Methods_Functions_lecture", "15.04.2019_Methods_Functions_lecture\15.04.2019_Methods_Functions_lecture.csproj", "{A0AD7FAA-24BA-4ABF-B824-AD88353A1EEB}"
EndProject
Global
	GlobalSection(SolutionConfigurationPlatforms) = preSolution
		Debug|Any CPU = Debug|Any CPU
		Release|Any CPU = Release|Any CPU
	EndGlobalSection
	GlobalSection(ProjectConfigurationPlatforms) = postSolution
		{A0AD7FAA-24BA-4ABF-B824-AD88353A1EEB}.Debug|Any CPU.ActiveCfg = Debug|Any CPU
		{A0AD7FAA-24BA-4ABF-B824-AD88353A1EEB}.Debug|Any CPU.Build.0 = Debug|Any CPU
		{A0AD7FAA-24BA-4ABF-B824-AD88353A1EEB}.Release|Any CPU.ActiveCfg = Release|Any CPU
		{A0AD7FAA-24BA-4ABF-B824-AD88353A1EEB}.Release|Any CPU.Build.0 = Release|Any CPU
	EndGlobalSection
	GlobalSection(SolutionProperties) = preSolution
		HideSolutionNode = FALSE
	EndGlobalSection
	GlobalSection(ExtensibilityGlobals) = postSolution
		SolutionGuid = {C61F161C-42F9-4A6B-B217-3CDA8A36173A}
	EndGlobalSection
EndGlobal
